
Microsoft Visual Studio Solution File, Format Version 12.00
# Visual Studio 15
VisualStudioVersion = 15.0.28010.2016
MinimumVisualStudioVersion = 10.0.40219.1
Project("{FAE04EC0-301F-11D3-BF4B-00C04F79EFBC}") = "AppXamarinDAE.Android", "AppXamarinDAE\AppXamarinDAE.Android\AppXamarinDAE.Android.csproj", "{1CBDC7B8-E38C-4823-B8C7-414B9A1E0191}"
EndProject
Project("{FAE04EC0-301F-11D3-BF4B-00C04F79EFBC}") = "AppXamarinDAE.iOS", "AppXamarinDAE\AppXamarinDAE.iOS\AppXamarinDAE.iOS.csproj", "{69FADF5B-DF7A-4394-9A2A-1549F0913B7F}"
EndProject
Project("{FAE04EC0-301F-11D3-BF4B-00C04F79EFBC}") = "AppXamarinDAE.UWP", "AppXamarinDAE\AppXamarinDAE.UWP\AppXamarinDAE.UWP.csproj", "{C796F4FF-257F-4F4D-AA2D-C8E62B6D18B0}"
EndProject
Project("{FAE04EC0-301F-11D3-BF4B-00C04F79EFBC}") = "AppXamarinDAE", "AppXamarinDAE\AppXamarinDAE\AppXamarinDAE.csproj", "{F0655C91-C2CA-489C-8B47-9201CE225EB6}"
EndProject
Global
	GlobalSection(SolutionConfigurationPlatforms) = preSolution
		Ad-Hoc|Any CPU = Ad-Hoc|Any CPU
		Ad-Hoc|ARM = Ad-Hoc|ARM
		Ad-Hoc|iPhone = Ad-Hoc|iPhone
		Ad-Hoc|iPhoneSimulator = Ad-Hoc|iPhoneSimulator
		Ad-Hoc|x64 = Ad-Hoc|x64
		Ad-Hoc|x86 = Ad-Hoc|x86
		AppStore|Any CPU = AppStore|Any CPU
		AppStore|ARM = AppStore|ARM
		AppStore|iPhone = AppStore|iPhone
		AppStore|iPhoneSimulator = AppStore|iPhoneSimulator
		AppStore|x64 = AppStore|x64
		AppStore|x86 = AppStore|x86
		Debug|Any CPU = Debug|Any CPU
		Debug|ARM = Debug|ARM
		Debug|iPhone = Debug|iPhone
		Debug|iPhoneSimulator = Debug|iPhoneSimulator
		Debug|x64 = Debug|x64
		Debug|x86 = Debug|x86
		Release|Any CPU = Release|Any CPU
		Release|ARM = Release|ARM
		Release|iPhone = Release|iPhone
		Release|iPhoneSimulator = Release|iPhoneSimulator
		Release|x64 = Release|x64
		Release|x86 = Release|x86
	EndGlobalSection
	GlobalSection(ProjectConfigurationPlatforms) = postSolution
		{1CBDC7B8-E38C-4823-B8C7-414B9A1E0191}.Ad-Hoc|Any CPU.ActiveCfg = Release|Any CPU
		{1CBDC7B8-E38C-4823-B8C7-414B9A1E0191}.Ad-Hoc|Any CPU.Build.0 = Release|Any CPU
		{1CBDC7B8-E38C-4823-B8C7-414B9A1E0191}.Ad-Hoc|Any CPU.Deploy.0 = Release|Any CPU
		{1CBDC7B8-E38C-4823-B8C7-414B9A1E0191}.Ad-Hoc|ARM.ActiveCfg = Release|Any CPU
		{1CBDC7B8-E38C-4823-B8C7-414B9A1E0191}.Ad-Hoc|ARM.Build.0 = Release|Any CPU
		{1CBDC7B8-E38C-4823-B8C7-414B9A1E0191}.Ad-Hoc|ARM.Deploy.0 = Release|Any CPU
		{1CBDC7B8-E38C-4823-B8C7-414B9A1E0191}.Ad-Hoc|iPhone.ActiveCfg = Release|Any CPU
		{1CBDC7B8-E38C-4823-B8C7-414B9A1E0191}.Ad-Hoc|iPhone.Build.0 = Release|Any CPU
		{1CBDC7B8-E38C-4823-B8C7-414B9A1E0191}.Ad-Hoc|iPhone.Deploy.0 = Release|Any CPU
		{1CBDC7B8-E38C-4823-B8C7-414B9A1E0191}.Ad-Hoc|iPhoneSimulator.ActiveCfg = Release|Any CPU
		{1CBDC7B8-E38C-4823-B8C7-414B9A1E0191}.Ad-Hoc|iPhoneSimulator.Build.0 = Release|Any CPU
		{1CBDC7B8-E38C-4823-B8C7-414B9A1E0191}.Ad-Hoc|iPhoneSimulator.Deploy.0 = Release|Any CPU
		{1CBDC7B8-E38C-4823-B8C7-414B9A1E0191}.Ad-Hoc|x64.ActiveCfg = Release|Any CPU
		{1CBDC7B8-E38C-4823-B8C7-414B9A1E0191}.Ad-Hoc|x64.Build.0 = Release|Any CPU
		{1CBDC7B8-E38C-4823-B8C7-414B9A1E0191}.Ad-Hoc|x64.Deploy.0 = Release|Any CPU
		{1CBDC7B8-E38C-4823-B8C7-414B9A1E0191}.Ad-Hoc|x86.ActiveCfg = Release|Any CPU
		{1CBDC7B8-E38C-4823-B8C7-414B9A1E0191}.Ad-Hoc|x86.Build.0 = Release|Any CPU
		{1CBDC7B8-E38C-4823-B8C7-414B9A1E0191}.Ad-Hoc|x86.Deploy.0 = Release|Any CPU
		{1CBDC7B8-E38C-4823-B8C7-414B9A1E0191}.AppStore|Any CPU.ActiveCfg = Release|Any CPU
		{1CBDC7B8-E38C-4823-B8C7-414B9A1E0191}.AppStore|Any CPU.Build.0 = Release|Any CPU
		{1CBDC7B8-E38C-4823-B8C7-414B9A1E0191}.AppStore|Any CPU.Deploy.0 = Release|Any CPU
		{1CBDC7B8-E38C-4823-B8C7-414B9A1E0191}.AppStore|ARM.ActiveCfg = Release|Any CPU
		{1CBDC7B8-E38C-4823-B8C7-414B9A1E0191}.AppStore|ARM.Build.0 = Release|Any CPU
		{1CBDC7B8-E38C-4823-B8C7-414B9A1E0191}.AppStore|ARM.Deploy.0 = Release|Any CPU
		{1CBDC7B8-E38C-4823-B8C7-414B9A1E0191}.AppStore|iPhone.ActiveCfg = Release|Any CPU
		{1CBDC7B8-E38C-4823-B8C7-414B9A1E0191}.AppStore|iPhone.Build.0 = Release|Any CPU
		{1CBDC7B8-E38C-4823-B8C7-414B9A1E0191}.AppStore|iPhone.Deploy.0 = Release|Any CPU
		{1CBDC7B8-E38C-4823-B8C7-414B9A1E0191}.AppStore|iPhoneSimulator.ActiveCfg = Release|Any CPU
		{1CBDC7B8-E38C-4823-B8C7-414B9A1E0191}.AppStore|iPhoneSimulator.Build.0 = Release|Any CPU
		{1CBDC7B8-E38C-4823-B8C7-414B9A1E0191}.AppStore|iPhoneSimulator.Deploy.0 = Release|Any CPU
		{1CBDC7B8-E38C-4823-B8C7-414B9A1E0191}.AppStore|x64.ActiveCfg = Release|Any CPU
		{1CBDC7B8-E38C-4823-B8C7-414B9A1E0191}.AppStore|x64.Build.0 = Release|Any CPU
		{1CBDC7B8-E38C-4823-B8C7-414B9A1E0191}.AppStore|x64.Deploy.0 = Release|Any CPU
		{1CBDC7B8-E38C-4823-B8C7-414B9A1E0191}.AppStore|x86.ActiveCfg = Release|Any CPU
		{1CBDC7B8-E38C-4823-B8C7-414B9A1E0191}.AppStore|x86.Build.0 = Release|Any CPU
		{1CBDC7B8-E38C-4823-B8C7-414B9A1E0191}.AppStore|x86.Deploy.0 = Release|Any CPU
		{1CBDC7B8-E38C-4823-B8C7-414B9A1E0191}.Debug|Any CPU.ActiveCfg = Debug|Any CPU
		{1CBDC7B8-E38C-4823-B8C7-414B9A1E0191}.Debug|Any CPU.Build.0 = Debug|Any CPU
		{1CBDC7B8-E38C-4823-B8C7-414B9A1E0191}.Debug|Any CPU.Deploy.0 = Debug|Any CPU
		{1CBDC7B8-E38C-4823-B8C7-414B9A1E0191}.Debug|ARM.ActiveCfg = Debug|Any CPU
		{1CBDC7B8-E38C-4823-B8C7-414B9A1E0191}.Debug|ARM.Build.0 = Debug|Any CPU
		{1CBDC7B8-E38C-4823-B8C7-414B9A1E0191}.Debug|ARM.Deploy.0 = Debug|Any CPU
		{1CBDC7B8-E38C-4823-B8C7-414B9A1E0191}.Debug|iPhone.ActiveCfg = Debug|Any CPU
		{1CBDC7B8-E38C-4823-B8C7-414B9A1E0191}.Debug|iPhone.Build.0 = Debug|Any CPU
		{1CBDC7B8-E38C-4823-B8C7-414B9A1E0191}.Debug|iPhone.Deploy.0 = Debug|Any CPU
		{1CBDC7B8-E38C-4823-B8C7-414B9A1E0191}.Debug|iPhoneSimulator.ActiveCfg = Debug|Any CPU
		{1CBDC7B8-E38C-4823-B8C7-414B9A1E0191}.Debug|iPhoneSimulator.Build.0 = Debug|Any CPU
		{1CBDC7B8-E38C-4823-B8C7-414B9A1E0191}.Debug|iPhoneSimulator.Deploy.0 = Debug|Any CPU
		{1CBDC7B8-E38C-4823-B8C7-414B9A1E0191}.Debug|x64.ActiveCfg = Debug|Any CPU
		{1CBDC7B8-E38C-4823-B8C7-414B9A1E0191}.Debug|x64.Build.0 = Debug|Any CPU
		{1CBDC7B8-E38C-4823-B8C7-414B9A1E0191}.Debug|x64.Deploy.0 = Debug|Any CPU
		{1CBDC7B8-E38C-4823-B8C7-414B9A1E0191}.Debug|x86.ActiveCfg = Debug|Any CPU
		{1CBDC7B8-E38C-4823-B8C7-414B9A1E0191}.Debug|x86.Build.0 = Debug|Any CPU
		{1CBDC7B8-E38C-4823-B8C7-414B9A1E0191}.Debug|x86.Deploy.0 = Debug|Any CPU
		{1CBDC7B8-E38C-4823-B8C7-414B9A1E0191}.Release|Any CPU.ActiveCfg = Release|Any CPU
		{1CBDC7B8-E38C-4823-B8C7-414B9A1E0191}.Release|Any CPU.Build.0 = Release|Any CPU
		{1CBDC7B8-E38C-4823-B8C7-414B9A1E0191}.Release|Any CPU.Deploy.0 = Release|Any CPU
		{1CBDC7B8-E38C-4823-B8C7-414B9A1E0191}.Release|ARM.ActiveCfg = Release|Any CPU
		{1CBDC7B8-E38C-4823-B8C7-414B9A1E0191}.Release|ARM.Build.0 = Release|Any CPU
		{1CBDC7B8-E38C-4823-B8C7-414B9A1E0191}.Release|ARM.Deploy.0 = Release|Any CPU
		{1CBDC7B8-E38C-4823-B8C7-414B9A1E0191}.Release|iPhone.ActiveCfg = Release|Any CPU
		{1CBDC7B8-E38C-4823-B8C7-414B9A1E0191}.Release|iPhone.Build.0 = Release|Any CPU
		{1CBDC7B8-E38C-4823-B8C7-414B9A1E0191}.Release|iPhone.Deploy.0 = Release|Any CPU
		{1CBDC7B8-E38C-4823-B8C7-414B9A1E0191}.Release|iPhoneSimulator.ActiveCfg = Release|Any CPU
		{1CBDC7B8-E38C-4823-B8C7-414B9A1E0191}.Release|iPhoneSimulator.Build.0 = Release|Any CPU
		{1CBDC7B8-E38C-4823-B8C7-414B9A1E0191}.Release|iPhoneSimulator.Deploy.0 = Release|Any CPU
		{1CBDC7B8-E38C-4823-B8C7-414B9A1E0191}.Release|x64.ActiveCfg = Release|Any CPU
		{1CBDC7B8-E38C-4823-B8C7-414B9A1E0191}.Release|x64.Build.0 = Release|Any CPU
		{1CBDC7B8-E38C-4823-B8C7-414B9A1E0191}.Release|x64.Deploy.0 = Release|Any CPU
		{1CBDC7B8-E38C-4823-B8C7-414B9A1E0191}.Release|x86.ActiveCfg = Release|Any CPU
		{1CBDC7B8-E38C-4823-B8C7-414B9A1E0191}.Release|x86.Build.0 = Release|Any CPU
		{1CBDC7B8-E38C-4823-B8C7-414B9A1E0191}.Release|x86.Deploy.0 = Release|Any CPU
		{69FADF5B-DF7A-4394-9A2A-1549F0913B7F}.Ad-Hoc|Any CPU.ActiveCfg = Ad-Hoc|iPhone
		{69FADF5B-DF7A-4394-9A2A-1549F0913B7F}.Ad-Hoc|Any CPU.Build.0 = Ad-Hoc|iPhone
		{69FADF5B-DF7A-4394-9A2A-1549F0913B7F}.Ad-Hoc|Any CPU.Deploy.0 = Ad-Hoc|iPhone
		{69FADF5B-DF7A-4394-9A2A-1549F0913B7F}.Ad-Hoc|ARM.ActiveCfg = Ad-Hoc|iPhone
		{69FADF5B-DF7A-4394-9A2A-1549F0913B7F}.Ad-Hoc|ARM.Build.0 = Ad-Hoc|iPhone
		{69FADF5B-DF7A-4394-9A2A-1549F0913B7F}.Ad-Hoc|ARM.Deploy.0 = Ad-Hoc|iPhone
		{69FADF5B-DF7A-4394-9A2A-1549F0913B7F}.Ad-Hoc|iPhone.ActiveCfg = Ad-Hoc|iPhone
		{69FADF5B-DF7A-4394-9A2A-1549F0913B7F}.Ad-Hoc|iPhone.Build.0 = Ad-Hoc|iPhone
		{69FADF5B-DF7A-4394-9A2A-1549F0913B7F}.Ad-Hoc|iPhone.Deploy.0 = Ad-Hoc|iPhone
		{69FADF5B-DF7A-4394-9A2A-1549F0913B7F}.Ad-Hoc|iPhoneSimulator.ActiveCfg = Ad-Hoc|iPhoneSimulator
		{69FADF5B-DF7A-4394-9A2A-1549F0913B7F}.Ad-Hoc|iPhoneSimulator.Build.0 = Ad-Hoc|iPhoneSimulator
		{69FADF5B-DF7A-4394-9A2A-1549F0913B7F}.Ad-Hoc|iPhoneSimulator.Deploy.0 = Ad-Hoc|iPhoneSimulator
		{69FADF5B-DF7A-4394-9A2A-1549F0913B7F}.Ad-Hoc|x64.ActiveCfg = Ad-Hoc|iPhone
		{69FADF5B-DF7A-4394-9A2A-1549F0913B7F}.Ad-Hoc|x64.Build.0 = Ad-Hoc|iPhone
		{69FADF5B-DF7A-4394-9A2A-1549F0913B7F}.Ad-Hoc|x64.Deploy.0 = Ad-Hoc|iPhone
		{69FADF5B-DF7A-4394-9A2A-1549F0913B7F}.Ad-Hoc|x86.ActiveCfg = Ad-Hoc|iPhone
		{69FADF5B-DF7A-4394-9A2A-1549F0913B7F}.Ad-Hoc|x86.Build.0 = Ad-Hoc|iPhone
		{69FADF5B-DF7A-4394-9A2A-1549F0913B7F}.Ad-Hoc|x86.Deploy.0 = Ad-Hoc|iPhone
		{69FADF5B-DF7A-4394-9A2A-1549F0913B7F}.AppStore|Any CPU.ActiveCfg = AppStore|iPhone
		{69FADF5B-DF7A-4394-9A2A-1549F0913B7F}.AppStore|Any CPU.Build.0 = AppStore|iPhone
		{69FADF5B-DF7A-4394-9A2A-1549F0913B7F}.AppStore|Any CPU.Deploy.0 = AppStore|iPhone
		{69FADF5B-DF7A-4394-9A2A-1549F0913B7F}.AppStore|ARM.ActiveCfg = AppStore|iPhone
		{69FADF5B-DF7A-4394-9A2A-1549F0913B7F}.AppStore|ARM.Build.0 = AppStore|iPhone
		{69FADF5B-DF7A-4394-9A2A-1549F0913B7F}.AppStore|ARM.Deploy.0 = AppStore|iPhone
		{69FADF5B-DF7A-4394-9A2A-1549F0913B7F}.AppStore|iPhone.ActiveCfg = AppStore|iPhone
		{69FADF5B-DF7A-4394-9A2A-1549F0913B7F}.AppStore|iPhone.Build.0 = AppStore|iPhone
		{69FADF5B-DF7A-4394-9A2A-1549F0913B7F}.AppStore|iPhone.Deploy.0 = AppStore|iPhone
		{69FADF5B-DF7A-4394-9A2A-1549F0913B7F}.AppStore|iPhoneSimulator.ActiveCfg = AppStore|iPhoneSimulator
		{69FADF5B-DF7A-4394-9A2A-1549F0913B7F}.AppStore|iPhoneSimulator.Build.0 = AppStore|iPhoneSimulator
		{69FADF5B-DF7A-4394-9A2A-1549F0913B7F}.AppStore|iPhoneSimulator.Deploy.0 = AppStore|iPhoneSimulator
		{69FADF5B-DF7A-4394-9A2A-1549F0913B7F}.AppStore|x64.ActiveCfg = AppStore|iPhone
		{69FADF5B-DF7A-4394-9A2A-1549F0913B7F}.AppStore|x64.Build.0 = AppStore|iPhone
		{69FADF5B-DF7A-4394-9A2A-1549F0913B7F}.AppStore|x64.Deploy.0 = AppStore|iPhone
		{69FADF5B-DF7A-4394-9A2A-1549F0913B7F}.AppStore|x86.ActiveCfg = AppStore|iPhone
		{69FADF5B-DF7A-4394-9A2A-1549F0913B7F}.AppStore|x86.Build.0 = AppStore|iPhone
		{69FADF5B-DF7A-4394-9A2A-1549F0913B7F}.AppStore|x86.Deploy.0 = AppStore|iPhone
		{69FADF5B-DF7A-4394-9A2A-1549F0913B7F}.Debug|Any CPU.ActiveCfg = Debug|iPhoneSimulator
		{69FADF5B-DF7A-4394-9A2A-1549F0913B7F}.Debug|Any CPU.Build.0 = Debug|iPhoneSimulator
		{69FADF5B-DF7A-4394-9A2A-1549F0913B7F}.Debug|Any CPU.Deploy.0 = Debug|iPhoneSimulator
		{69FADF5B-DF7A-4394-9A2A-1549F0913B7F}.Debug|ARM.ActiveCfg = Debug|iPhone
		{69FADF5B-DF7A-4394-9A2A-1549F0913B7F}.Debug|ARM.Build.0 = Debug|iPhone
		{69FADF5B-DF7A-4394-9A2A-1549F0913B7F}.Debug|ARM.Deploy.0 = Debug|iPhone
		{69FADF5B-DF7A-4394-9A2A-1549F0913B7F}.Debug|iPhone.ActiveCfg = Debug|iPhone
		{69FADF5B-DF7A-4394-9A2A-1549F0913B7F}.Debug|iPhone.Build.0 = Debug|iPhone
		{69FADF5B-DF7A-4394-9A2A-1549F0913B7F}.Debug|iPhone.Deploy.0 = Debug|iPhone
		{69FADF5B-DF7A-4394-9A2A-1549F0913B7F}.Debug|iPhoneSimulator.ActiveCfg = Debug|iPhoneSimulator
		{69FADF5B-DF7A-4394-9A2A-1549F0913B7F}.Debug|iPhoneSimulator.Build.0 = Debug|iPhoneSimulator
		{69FADF5B-DF7A-4394-9A2A-1549F0913B7F}.Debug|iPhoneSimulator.Deploy.0 = Debug|iPhoneSimulator
		{69FADF5B-DF7A-4394-9A2A-1549F0913B7F}.Debug|x64.ActiveCfg = Debug|iPhone
		{69FADF5B-DF7A-4394-9A2A-1549F0913B7F}.Debug|x64.Build.0 = Debug|iPhone
		{69FADF5B-DF7A-4394-9A2A-1549F0913B7F}.Debug|x64.Deploy.0 = Debug|iPhone
		{69FADF5B-DF7A-4394-9A2A-1549F0913B7F}.Debug|x86.ActiveCfg = Debug|iPhone
		{69FADF5B-DF7A-4394-9A2A-1549F0913B7F}.Debug|x86.Build.0 = Debug|iPhone
		{69FADF5B-DF7A-4394-9A2A-1549F0913B7F}.Debug|x86.Deploy.0 = Debug|iPhone
		{69FADF5B-DF7A-4394-9A2A-1549F0913B7F}.Release|Any CPU.ActiveCfg = Release|iPhone
		{69FADF5B-DF7A-4394-9A2A-1549F0913B7F}.Release|Any CPU.Build.0 = Release|iPhone
		{69FADF5B-DF7A-4394-9A2A-1549F0913B7F}.Release|Any CPU.Deploy.0 = Release|iPhone
		{69FADF5B-DF7A-4394-9A2A-1549F0913B7F}.Release|ARM.ActiveCfg = Release|iPhone
		{69FADF5B-DF7A-4394-9A2A-1549F0913B7F}.Release|ARM.Build.0 = Release|iPhone
		{69FADF5B-DF7A-4394-9A2A-1549F0913B7F}.Release|ARM.Deploy.0 = Release|iPhone
		{69FADF5B-DF7A-4394-9A2A-1549F0913B7F}.Release|iPhone.ActiveCfg = Release|iPhone
		{69FADF5B-DF7A-4394-9A2A-1549F0913B7F}.Release|iPhone.Build.0 = Release|iPhone
		{69FADF5B-DF7A-4394-9A2A-1549F0913B7F}.Release|iPhone.Deploy.0 = Release|iPhone
		{69FADF5B-DF7A-4394-9A2A-1549F0913B7F}.Release|iPhoneSimulator.ActiveCfg = Release|iPhoneSimulator
		{69FADF5B-DF7A-4394-9A2A-1549F0913B7F}.Release|iPhoneSimulator.Build.0 = Release|iPhoneSimulator
		{69FADF5B-DF7A-4394-9A2A-1549F0913B7F}.Release|iPhoneSimulator.Deploy.0 = Release|iPhoneSimulator
		{69FADF5B-DF7A-4394-9A2A-1549F0913B7F}.Release|x64.ActiveCfg = Release|iPhone
		{69FADF5B-DF7A-4394-9A2A-1549F0913B7F}.Release|x64.Build.0 = Release|iPhone
		{69FADF5B-DF7A-4394-9A2A-1549F0913B7F}.Release|x64.Deploy.0 = Release|iPhone
		{69FADF5B-DF7A-4394-9A2A-1549F0913B7F}.Release|x86.ActiveCfg = Release|iPhone
		{69FADF5B-DF7A-4394-9A2A-1549F0913B7F}.Release|x86.Build.0 = Release|iPhone
		{69FADF5B-DF7A-4394-9A2A-1549F0913B7F}.Release|x86.Deploy.0 = Release|iPhone
		{C796F4FF-257F-4F4D-AA2D-C8E62B6D18B0}.Ad-Hoc|Any CPU.ActiveCfg = Release|x86
		{C796F4FF-257F-4F4D-AA2D-C8E62B6D18B0}.Ad-Hoc|Any CPU.Build.0 = Release|x86
		{C796F4FF-257F-4F4D-AA2D-C8E62B6D18B0}.Ad-Hoc|Any CPU.Deploy.0 = Release|x86
		{C796F4FF-257F-4F4D-AA2D-C8E62B6D18B0}.Ad-Hoc|ARM.ActiveCfg = Release|ARM
		{C796F4FF-257F-4F4D-AA2D-C8E62B6D18B0}.Ad-Hoc|ARM.Build.0 = Release|ARM
		{C796F4FF-257F-4F4D-AA2D-C8E62B6D18B0}.Ad-Hoc|ARM.Deploy.0 = Release|ARM
		{C796F4FF-257F-4F4D-AA2D-C8E62B6D18B0}.Ad-Hoc|iPhone.ActiveCfg = Release|x86
		{C796F4FF-257F-4F4D-AA2D-C8E62B6D18B0}.Ad-Hoc|iPhone.Build.0 = Release|x86
		{C796F4FF-257F-4F4D-AA2D-C8E62B6D18B0}.Ad-Hoc|iPhone.Deploy.0 = Release|x86
		{C796F4FF-257F-4F4D-AA2D-C8E62B6D18B0}.Ad-Hoc|iPhoneSimulator.ActiveCfg = Release|x86
		{C796F4FF-257F-4F4D-AA2D-C8E62B6D18B0}.Ad-Hoc|iPhoneSimulator.Build.0 = Release|x86
		{C796F4FF-257F-4F4D-AA2D-C8E62B6D18B0}.Ad-Hoc|iPhoneSimulator.Deploy.0 = Release|x86
		{C796F4FF-257F-4F4D-AA2D-C8E62B6D18B0}.Ad-Hoc|x64.ActiveCfg = Release|x64
		{C796F4FF-257F-4F4D-AA2D-C8E62B6D18B0}.Ad-Hoc|x64.Build.0 = Release|x64
		{C796F4FF-257F-4F4D-AA2D-C8E62B6D18B0}.Ad-Hoc|x64.Deploy.0 = Release|x64
		{C796F4FF-257F-4F4D-AA2D-C8E62B6D18B0}.Ad-Hoc|x86.ActiveCfg = Release|x86
		{C796F4FF-257F-4F4D-AA2D-C8E62B6D18B0}.Ad-Hoc|x86.Build.0 = Release|x86
		{C796F4FF-257F-4F4D-AA2D-C8E62B6D18B0}.Ad-Hoc|x86.Deploy.0 = Release|x86
		{C796F4FF-257F-4F4D-AA2D-C8E62B6D18B0}.AppStore|Any CPU.ActiveCfg = Release|x86
		{C796F4FF-257F-4F4D-AA2D-C8E62B6D18B0}.AppStore|Any CPU.Build.0 = Release|x86
		{C796F4FF-257F-4F4D-AA2D-C8E62B6D18B0}.AppStore|Any CPU.Deploy.0 = Release|x86
		{C796F4FF-257F-4F4D-AA2D-C8E62B6D18B0}.AppStore|ARM.ActiveCfg = Release|ARM
		{C796F4FF-257F-4F4D-AA2D-C8E62B6D18B0}.AppStore|ARM.Build.0 = Release|ARM
		{C796F4FF-257F-4F4D-AA2D-C8E62B6D18B0}.AppStore|ARM.Deploy.0 = Release|ARM
		{C796F4FF-257F-4F4D-AA2D-C8E62B6D18B0}.AppStore|iPhone.ActiveCfg = Release|x86
		{C796F4FF-257F-4F4D-AA2D-C8E62B6D18B0}.AppStore|iPhone.Build.0 = Release|x86
		{C796F4FF-257F-4F4D-AA2D-C8E62B6D18B0}.AppStore|iPhone.Deploy.0 = Release|x86
		{C796F4FF-257F-4F4D-AA2D-C8E62B6D18B0}.AppStore|iPhoneSimulator.ActiveCfg = Release|x86
		{C796F4FF-257F-4F4D-AA2D-C8E62B6D18B0}.AppStore|iPhoneSimulator.Build.0 = Release|x86
		{C796F4FF-257F-4F4D-AA2D-C8E62B6D18B0}.AppStore|iPhoneSimulator.Deploy.0 = Release|x86
		{C796F4FF-257F-4F4D-AA2D-C8E62B6D18B0}.AppStore|x64.ActiveCfg = Release|x64
		{C796F4FF-257F-4F4D-AA2D-C8E62B6D18B0}.AppStore|x64.Build.0 = Release|x64
		{C796F4FF-257F-4F4D-AA2D-C8E62B6D18B0}.AppStore|x64.Deploy.0 = Release|x64
		{C796F4FF-257F-4F4D-AA2D-C8E62B6D18B0}.AppStore|x86.ActiveCfg = Release|x86
		{C796F4FF-257F-4F4D-AA2D-C8E62B6D18B0}.AppStore|x86.Build.0 = Release|x86
		{C796F4FF-257F-4F4D-AA2D-C8E62B6D18B0}.AppStore|x86.Deploy.0 = Release|x86
		{C796F4FF-257F-4F4D-AA2D-C8E62B6D18B0}.Debug|Any CPU.ActiveCfg = Debug|x86
		{C796F4FF-257F-4F4D-AA2D-C8E62B6D18B0}.Debug|Any CPU.Build.0 = Debug|x86
		{C796F4FF-257F-4F4D-AA2D-C8E62B6D18B0}.Debug|Any CPU.Deploy.0 = Debug|x86
		{C796F4FF-257F-4F4D-AA2D-C8E62B6D18B0}.Debug|ARM.ActiveCfg = Debug|ARM
		{C796F4FF-257F-4F4D-AA2D-C8E62B6D18B0}.Debug|ARM.Build.0 = Debug|ARM
		{C796F4FF-257F-4F4D-AA2D-C8E62B6D18B0}.Debug|ARM.Deploy.0 = Debug|ARM
		{C796F4FF-257F-4F4D-AA2D-C8E62B6D18B0}.Debug|iPhone.ActiveCfg = Debug|x86
		{C796F4FF-257F-4F4D-AA2D-C8E62B6D18B0}.Debug|iPhone.Build.0 = Debug|x86
		{C796F4FF-257F-4F4D-AA2D-C8E62B6D18B0}.Debug|iPhone.Deploy.0 = Debug|x86
		{C796F4FF-257F-4F4D-AA2D-C8E62B6D18B0}.Debug|iPhoneSimulator.ActiveCfg = Debug|x86
		{C796F4FF-257F-4F4D-AA2D-C8E62B6D18B0}.Debug|iPhoneSimulator.Build.0 = Debug|x86
		{C796F4FF-257F-4F4D-AA2D-C8E62B6D18B0}.Debug|iPhoneSimulator.Deploy.0 = Debug|x86
		{C796F4FF-257F-4F4D-AA2D-C8E62B6D18B0}.Debug|x64.ActiveCfg = Debug|x64
		{C796F4FF-257F-4F4D-AA2D-C8E62B6D18B0}.Debug|x64.Build.0 = Debug|x64
		{C796F4FF-257F-4F4D-AA2D-C8E62B6D18B0}.Debug|x64.Deploy.0 = Debug|x64
		{C796F4FF-257F-4F4D-AA2D-C8E62B6D18B0}.Debug|x86.ActiveCfg = Debug|x86
		{C796F4FF-257F-4F4D-AA2D-C8E62B6D18B0}.Debug|x86.Build.0 = Debug|x86
		{C796F4FF-257F-4F4D-AA2D-C8E62B6D18B0}.Debug|x86.Deploy.0 = Debug|x86
		{C796F4FF-257F-4F4D-AA2D-C8E62B6D18B0}.Release|Any CPU.ActiveCfg = Release|x86
		{C796F4FF-257F-4F4D-AA2D-C8E62B6D18B0}.Release|Any CPU.Build.0 = Release|x86
		{C796F4FF-257F-4F4D-AA2D-C8E62B6D18B0}.Release|Any CPU.Deploy.0 = Release|x86
		{C796F4FF-257F-4F4D-AA2D-C8E62B6D18B0}.Release|ARM.ActiveCfg = Release|ARM
		{C796F4FF-257F-4F4D-AA2D-C8E62B6D18B0}.Release|ARM.Build.0 = Release|ARM
		{C796F4FF-257F-4F4D-AA2D-C8E62B6D18B0}.Release|ARM.Deploy.0 = Release|ARM
		{C796F4FF-257F-4F4D-AA2D-C8E62B6D18B0}.Release|iPhone.ActiveCfg = Release|x86
		{C796F4FF-257F-4F4D-AA2D-C8E62B6D18B0}.Release|iPhone.Build.0 = Release|x86
		{C796F4FF-257F-4F4D-AA2D-C8E62B6D18B0}.Release|iPhone.Deploy.0 = Release|x86
		{C796F4FF-257F-4F4D-AA2D-C8E62B6D18B0}.Release|iPhoneSimulator.ActiveCfg = Release|x86
		{C796F4FF-257F-4F4D-AA2D-C8E62B6D18B0}.Release|iPhoneSimulator.Build.0 = Release|x86
		{C796F4FF-257F-4F4D-AA2D-C8E62B6D18B0}.Release|iPhoneSimulator.Deploy.0 = Release|x86
		{C796F4FF-257F-4F4D-AA2D-C8E62B6D18B0}.Release|x64.ActiveCfg = Release|x64
		{C796F4FF-257F-4F4D-AA2D-C8E62B6D18B0}.Release|x64.Build.0 = Release|x64
		{C796F4FF-257F-4F4D-AA2D-C8E62B6D18B0}.Release|x64.Deploy.0 = Release|x64
		{C796F4FF-257F-4F4D-AA2D-C8E62B6D18B0}.Release|x86.ActiveCfg = Release|x86
		{C796F4FF-257F-4F4D-AA2D-C8E62B6D18B0}.Release|x86.Build.0 = Release|x86
		{C796F4FF-257F-4F4D-AA2D-C8E62B6D18B0}.Release|x86.Deploy.0 = Release|x86
		{F0655C91-C2CA-489C-8B47-9201CE225EB6}.Ad-Hoc|Any CPU.ActiveCfg = Debug|Any CPU
		{F0655C91-C2CA-489C-8B47-9201CE225EB6}.Ad-Hoc|Any CPU.Build.0 = Debug|Any CPU
		{F0655C91-C2CA-489C-8B47-9201CE225EB6}.Ad-Hoc|Any CPU.Deploy.0 = Debug|Any CPU
		{F0655C91-C2CA-489C-8B47-9201CE225EB6}.Ad-Hoc|ARM.ActiveCfg = Debug|Any CPU
		{F0655C91-C2CA-489C-8B47-9201CE225EB6}.Ad-Hoc|ARM.Build.0 = Debug|Any CPU
		{F0655C91-C2CA-489C-8B47-9201CE225EB6}.Ad-Hoc|ARM.Deploy.0 = Debug|Any CPU
		{F0655C91-C2CA-489C-8B47-9201CE225EB6}.Ad-Hoc|iPhone.ActiveCfg = Debug|Any CPU
		{F0655C91-C2CA-489C-8B47-9201CE225EB6}.Ad-Hoc|iPhone.Build.0 = Debug|Any CPU
		{F0655C91-C2CA-489C-8B47-9201CE225EB6}.Ad-Hoc|iPhone.Deploy.0 = Debug|Any CPU
		{F0655C91-C2CA-489C-8B47-9201CE225EB6}.Ad-Hoc|iPhoneSimulator.ActiveCfg = Debug|Any CPU
		{F0655C91-C2CA-489C-8B47-9201CE225EB6}.Ad-Hoc|iPhoneSimulator.Build.0 = Debug|Any CPU
		{F0655C91-C2CA-489C-8B47-9201CE225EB6}.Ad-Hoc|iPhoneSimulator.Deploy.0 = Debug|Any CPU
		{F0655C91-C2CA-489C-8B47-9201CE225EB6}.Ad-Hoc|x64.ActiveCfg = Debug|Any CPU
		{F0655C91-C2CA-489C-8B47-9201CE225EB6}.Ad-Hoc|x64.Build.0 = Debug|Any CPU
		{F0655C91-C2CA-489C-8B47-9201CE225EB6}.Ad-Hoc|x64.Deploy.0 = Debug|Any CPU
		{F0655C91-C2CA-489C-8B47-9201CE225EB6}.Ad-Hoc|x86.ActiveCfg = Debug|Any CPU
		{F0655C91-C2CA-489C-8B47-9201CE225EB6}.Ad-Hoc|x86.Build.0 = Debug|Any CPU
		{F0655C91-C2CA-489C-8B47-9201CE225EB6}.Ad-Hoc|x86.Deploy.0 = Debug|Any CPU
		{F0655C91-C2CA-489C-8B47-9201CE225EB6}.AppStore|Any CPU.ActiveCfg = Debug|Any CPU
		{F0655C91-C2CA-489C-8B47-9201CE225EB6}.AppStore|Any CPU.Build.0 = Debug|Any CPU
		{F0655C91-C2CA-489C-8B47-9201CE225EB6}.AppStore|Any CPU.Deploy.0 = Debug|Any CPU
		{F0655C91-C2CA-489C-8B47-9201CE225EB6}.AppStore|ARM.ActiveCfg = Debug|Any CPU
		{F0655C91-C2CA-489C-8B47-9201CE225EB6}.AppStore|ARM.Build.0 = Debug|Any CPU
		{F0655C91-C2CA-489C-8B47-9201CE225EB6}.AppStore|ARM.Deploy.0 = Debug|Any CPU
		{F0655C91-C2CA-489C-8B47-9201CE225EB6}.AppStore|iPhone.ActiveCfg = Debug|Any CPU
		{F0655C91-C2CA-489C-8B47-9201CE225EB6}.AppStore|iPhone.Build.0 = Debug|Any CPU
		{F0655C91-C2CA-489C-8B47-9201CE225EB6}.AppStore|iPhone.Deploy.0 = Debug|Any CPU
		{F0655C91-C2CA-489C-8B47-9201CE225EB6}.AppStore|iPhoneSimulator.ActiveCfg = Debug|Any CPU
		{F0655C91-C2CA-489C-8B47-9201CE225EB6}.AppStore|iPhoneSimulator.Build.0 = Debug|Any CPU
		{F0655C91-C2CA-489C-8B47-9201CE225EB6}.AppStore|iPhoneSimulator.Deploy.0 = Debug|Any CPU
		{F0655C91-C2CA-489C-8B47-9201CE225EB6}.AppStore|x64.ActiveCfg = Debug|Any CPU
		{F0655C91-C2CA-489C-8B47-9201CE225EB6}.AppStore|x64.Build.0 = Debug|Any CPU
		{F0655C91-C2CA-489C-8B47-9201CE225EB6}.AppStore|x64.Deploy.0 = Debug|Any CPU
		{F0655C91-C2CA-489C-8B47-9201CE225EB6}.AppStore|x86.ActiveCfg = Debug|Any CPU
		{F0655C91-C2CA-489C-8B47-9201CE225EB6}.AppStore|x86.Build.0 = Debug|Any CPU
		{F0655C91-C2CA-489C-8B47-9201CE225EB6}.AppStore|x86.Deploy.0 = Debug|Any CPU
		{F0655C91-C2CA-489C-8B47-9201CE225EB6}.Debug|Any CPU.ActiveCfg = Debug|Any CPU
		{F0655C91-C2CA-489C-8B47-9201CE225EB6}.Debug|Any CPU.Build.0 = Debug|Any CPU
		{F0655C91-C2CA-489C-8B47-9201CE225EB6}.Debug|Any CPU.Deploy.0 = Debug|Any CPU
		{F0655C91-C2CA-489C-8B47-9201CE225EB6}.Debug|ARM.ActiveCfg = Debug|Any CPU
		{F0655C91-C2CA-489C-8B47-9201CE225EB6}.Debug|ARM.Build.0 = Debug|Any CPU
		{F0655C91-C2CA-489C-8B47-9201CE225EB6}.Debug|ARM.Deploy.0 = Debug|Any CPU
		{F0655C91-C2CA-489C-8B47-9201CE225EB6}.Debug|iPhone.ActiveCfg = Debug|Any CPU
		{F0655C91-C2CA-489C-8B47-9201CE225EB6}.Debug|iPhone.Build.0 = Debug|Any CPU
		{F0655C91-C2CA-489C-8B47-9201CE225EB6}.Debug|iPhone.Deploy.0 = Debug|Any CPU
		{F0655C91-C2CA-489C-8B47-9201CE225EB6}.Debug|iPhoneSimulator.ActiveCfg = Debug|Any CPU
		{F0655C91-C2CA-489C-8B47-9201CE225EB6}.Debug|iPhoneSimulator.Build.0 = Debug|Any CPU
		{F0655C91-C2CA-489C-8B47-9201CE225EB6}.Debug|iPhoneSimulator.Deploy.0 = Debug|Any CPU
		{F0655C91-C2CA-489C-8B47-9201CE225EB6}.Debug|x64.ActiveCfg = Debug|Any CPU
		{F0655C91-C2CA-489C-8B47-9201CE225EB6}.Debug|x64.Build.0 = Debug|Any CPU
		{F0655C91-C2CA-489C-8B47-9201CE225EB6}.Debug|x64.Deploy.0 = Debug|Any CPU
		{F0655C91-C2CA-489C-8B47-9201CE225EB6}.Debug|x86.ActiveCfg = Debug|Any CPU
		{F0655C91-C2CA-489C-8B47-9201CE225EB6}.Debug|x86.Build.0 = Debug|Any CPU
		{F0655C91-C2CA-489C-8B47-9201CE225EB6}.Debug|x86.Deploy.0 = Debug|Any CPU
		{F0655C91-C2CA-489C-8B47-9201CE225EB6}.Release|Any CPU.ActiveCfg = Release|Any CPU
		{F0655C91-C2CA-489C-8B47-9201CE225EB6}.Release|Any CPU.Build.0 = Release|Any CPU
		{F0655C91-C2CA-489C-8B47-9201CE225EB6}.Release|Any CPU.Deploy.0 = Release|Any CPU
		{F0655C91-C2CA-489C-8B47-9201CE225EB6}.Release|ARM.ActiveCfg = Release|Any CPU
		{F0655C91-C2CA-489C-8B47-9201CE225EB6}.Release|ARM.Build.0 = Release|Any CPU
		{F0655C91-C2CA-489C-8B47-9201CE225EB6}.Release|ARM.Deploy.0 = Release|Any CPU
		{F0655C91-C2CA-489C-8B47-9201CE225EB6}.Release|iPhone.ActiveCfg = Release|Any CPU
		{F0655C91-C2CA-489C-8B47-9201CE225EB6}.Release|iPhone.Build.0 = Release|Any CPU
		{F0655C91-C2CA-489C-8B47-9201CE225EB6}.Release|iPhone.Deploy.0 = Release|Any CPU
		{F0655C91-C2CA-489C-8B47-9201CE225EB6}.Release|iPhoneSimulator.ActiveCfg = Release|Any CPU
		{F0655C91-C2CA-489C-8B47-9201CE225EB6}.Release|iPhoneSimulator.Build.0 = Release|Any CPU
		{F0655C91-C2CA-489C-8B47-9201CE225EB6}.Release|iPhoneSimulator.Deploy.0 = Release|Any CPU
		{F0655C91-C2CA-489C-8B47-9201CE225EB6}.Release|x64.ActiveCfg = Release|Any CPU
		{F0655C91-C2CA-489C-8B47-9201CE225EB6}.Release|x64.Build.0 = Release|Any CPU
		{F0655C91-C2CA-489C-8B47-9201CE225EB6}.Release|x64.Deploy.0 = Release|Any CPU
		{F0655C91-C2CA-489C-8B47-9201CE225EB6}.Release|x86.ActiveCfg = Release|Any CPU
		{F0655C91-C2CA-489C-8B47-9201CE225EB6}.Release|x86.Build.0 = Release|Any CPU
		{F0655C91-C2CA-489C-8B47-9201CE225EB6}.Release|x86.Deploy.0 = Release|Any CPU
	EndGlobalSection
	GlobalSection(SolutionProperties) = preSolution
		HideSolutionNode = FALSE
	EndGlobalSection
	GlobalSection(ExtensibilityGlobals) = postSolution
		SolutionGuid = {712BBE90-1167-43AF-993A-185FE16B1D37}
	EndGlobalSection
EndGlobal
